
Microsoft Visual Studio Solution File, Format Version 12.00
# Visual Studio Version 17
VisualStudioVersion = 17.12.35527.113
MinimumVisualStudioVersion = 10.0.40219.1
Project("{2150E333-8FDC-42A3-9474-1A3956D46DE8}") = "Services", "Services", "{7005D3B6-B724-4A3A-8C25-9D95415D1B56}"
EndProject
Project("{2150E333-8FDC-42A3-9474-1A3956D46DE8}") = "Catalog", "Catalog", "{93428684-4CBD-4C7F-AD3A-826799F6540B}"
EndProject
Project("{FAE04EC0-301F-11D3-BF4B-00C04F79EFBC}") = "Catalog.API", "Services\Catalog\Catalog.API\Catalog.API.csproj", "{92EF1D77-82E1-4D16-9844-5D8F0B0E0811}"
EndProject
Project("{2150E333-8FDC-42A3-9474-1A3956D46DE8}") = "BuildingBlocks", "BuildingBlocks", "{881EF176-42E7-4E69-9FB2-AA1A869CD41C}"
EndProject
Project("{E53339B2-1760-4266-BCC7-CA923CBCF16C}") = "docker-compose", "docker-compose.dcproj", "{53BF5448-40C6-41B8-B13E-F4CA1C540B80}"
EndProject
Project("{2150E333-8FDC-42A3-9474-1A3956D46DE8}") = "Basket", "Basket", "{2E362F42-A4E6-4BAF-AF32-8AC757F2E024}"
EndProject
Project("{FAE04EC0-301F-11D3-BF4B-00C04F79EFBC}") = "Basket.API", "Services\Basket\Basket.API\Basket.API.csproj", "{66E3CCE9-56CE-40D9-8303-758A59B6B7BA}"
EndProject
Project("{2150E333-8FDC-42A3-9474-1A3956D46DE8}") = "Discount", "Discount", "{02EA681E-C7D8-13C7-8484-4AC65E1B71E8}"
EndProject
Project("{FAE04EC0-301F-11D3-BF4B-00C04F79EFBC}") = "Discount.Grpc", "Services\Discount\Discount.Grpc\Discount.Grpc.csproj", "{DE05AA7A-3DE6-789B-E477-765967CC5C57}"
EndProject
Project("{FAE04EC0-301F-11D3-BF4B-00C04F79EFBC}") = "BuildingBlocks", "BuildingBlocks\BuildingBlocks\BuildingBlocks.csproj", "{6E7E435F-1589-DC76-9E72-AAA8CDEA1B17}"
EndProject
Global
	GlobalSection(SolutionConfigurationPlatforms) = preSolution
		Debug|Any CPU = Debug|Any CPU
		Release|Any CPU = Release|Any CPU
	EndGlobalSection
	GlobalSection(ProjectConfigurationPlatforms) = postSolution
		{92EF1D77-82E1-4D16-9844-5D8F0B0E0811}.Debug|Any CPU.ActiveCfg = Debug|Any CPU
		{92EF1D77-82E1-4D16-9844-5D8F0B0E0811}.Debug|Any CPU.Build.0 = Debug|Any CPU
		{92EF1D77-82E1-4D16-9844-5D8F0B0E0811}.Release|Any CPU.ActiveCfg = Release|Any CPU
		{92EF1D77-82E1-4D16-9844-5D8F0B0E0811}.Release|Any CPU.Build.0 = Release|Any CPU
		{53BF5448-40C6-41B8-B13E-F4CA1C540B80}.Debug|Any CPU.ActiveCfg = Debug|Any CPU
		{53BF5448-40C6-41B8-B13E-F4CA1C540B80}.Debug|Any CPU.Build.0 = Debug|Any CPU
		{53BF5448-40C6-41B8-B13E-F4CA1C540B80}.Release|Any CPU.ActiveCfg = Release|Any CPU
		{53BF5448-40C6-41B8-B13E-F4CA1C540B80}.Release|Any CPU.Build.0 = Release|Any CPU
		{66E3CCE9-56CE-40D9-8303-758A59B6B7BA}.Debug|Any CPU.ActiveCfg = Debug|Any CPU
		{66E3CCE9-56CE-40D9-8303-758A59B6B7BA}.Debug|Any CPU.Build.0 = Debug|Any CPU
		{66E3CCE9-56CE-40D9-8303-758A59B6B7BA}.Release|Any CPU.ActiveCfg = Release|Any CPU
		{66E3CCE9-56CE-40D9-8303-758A59B6B7BA}.Release|Any CPU.Build.0 = Release|Any CPU
		{DE05AA7A-3DE6-789B-E477-765967CC5C57}.Debug|Any CPU.ActiveCfg = Debug|Any CPU
		{DE05AA7A-3DE6-789B-E477-765967CC5C57}.Debug|Any CPU.Build.0 = Debug|Any CPU
		{DE05AA7A-3DE6-789B-E477-765967CC5C57}.Release|Any CPU.ActiveCfg = Release|Any CPU
		{DE05AA7A-3DE6-789B-E477-765967CC5C57}.Release|Any CPU.Build.0 = Release|Any CPU
		{6E7E435F-1589-DC76-9E72-AAA8CDEA1B17}.Debug|Any CPU.ActiveCfg = Debug|Any CPU
		{6E7E435F-1589-DC76-9E72-AAA8CDEA1B17}.Debug|Any CPU.Build.0 = Debug|Any CPU
		{6E7E435F-1589-DC76-9E72-AAA8CDEA1B17}.Release|Any CPU.ActiveCfg = Release|Any CPU
		{6E7E435F-1589-DC76-9E72-AAA8CDEA1B17}.Release|Any CPU.Build.0 = Release|Any CPU
	EndGlobalSection
	GlobalSection(SolutionProperties) = preSolution
		HideSolutionNode = FALSE
	EndGlobalSection
	GlobalSection(NestedProjects) = preSolution
		{93428684-4CBD-4C7F-AD3A-826799F6540B} = {7005D3B6-B724-4A3A-8C25-9D95415D1B56}
		{92EF1D77-82E1-4D16-9844-5D8F0B0E0811} = {93428684-4CBD-4C7F-AD3A-826799F6540B}
		{2E362F42-A4E6-4BAF-AF32-8AC757F2E024} = {7005D3B6-B724-4A3A-8C25-9D95415D1B56}
		{66E3CCE9-56CE-40D9-8303-758A59B6B7BA} = {2E362F42-A4E6-4BAF-AF32-8AC757F2E024}
		{02EA681E-C7D8-13C7-8484-4AC65E1B71E8} = {7005D3B6-B724-4A3A-8C25-9D95415D1B56}
		{DE05AA7A-3DE6-789B-E477-765967CC5C57} = {02EA681E-C7D8-13C7-8484-4AC65E1B71E8}
		{6E7E435F-1589-DC76-9E72-AAA8CDEA1B17} = {881EF176-42E7-4E69-9FB2-AA1A869CD41C}
	EndGlobalSection
EndGlobal
